{
  "name": "tessel",
  "version": "0.0.0",
  "lockfileVersion": 1,
  "requires": true,
  "dependencies": {
    "tessel-vl53l0x": {
      "version": "1.0.6",
      "resolved": "https://registry.npmjs.org/tessel-vl53l0x/-/tessel-vl53l0x-1.0.6.tgz",
      "integrity": "sha1-tHtIiTvVPOR0bh4gB3gWJLqNKdA=",
      "requires": {
        "sync-queue": "0.0.2"
      },
      "dependencies": {
        "sync-queue": {
          "version": "0.0.2",
          "resolved": "https://registry.npmjs.org/sync-queue/-/sync-queue-0.0.2.tgz",
          "integrity": "sha1-nmg4MjcEqKevAjc3k8+rRePqr14="
        }
      }
    }
  }
}
